
Microsoft Visual Studio Solution File, Format Version 12.00
# Visual Studio 15
VisualStudioVersion = 15.0.28307.421
MinimumVisualStudioVersion = 10.0.40219.1
Project("{FAE04EC0-301F-11D3-BF4B-00C04F79EFBC}") = "App2.Android", "App2\App2.Android\App2.Android.csproj", "{4C6C2405-9C71-436B-9CDC-D1A49CFF5581}"
EndProject
Project("{FAE04EC0-301F-11D3-BF4B-00C04F79EFBC}") = "App2.iOS", "App2\App2.iOS\App2.iOS.csproj", "{AF19505B-7C24-4FCB-A144-AA9DD49FC966}"
EndProject
Project("{FAE04EC0-301F-11D3-BF4B-00C04F79EFBC}") = "App2", "App2\App2\App2.csproj", "{64F9C4E4-2AE0-42C8-B8FF-D6A79A44CEDB}"
EndProject
Global
	GlobalSection(SolutionConfigurationPlatforms) = preSolution
		Ad-Hoc|Any CPU = Ad-Hoc|Any CPU
		Ad-Hoc|iPhone = Ad-Hoc|iPhone
		Ad-Hoc|iPhoneSimulator = Ad-Hoc|iPhoneSimulator
		AppStore|Any CPU = AppStore|Any CPU
		AppStore|iPhone = AppStore|iPhone
		AppStore|iPhoneSimulator = AppStore|iPhoneSimulator
		Debug|Any CPU = Debug|Any CPU
		Debug|iPhone = Debug|iPhone
		Debug|iPhoneSimulator = Debug|iPhoneSimulator
		Release|Any CPU = Release|Any CPU
		Release|iPhone = Release|iPhone
		Release|iPhoneSimulator = Release|iPhoneSimulator
	EndGlobalSection
	GlobalSection(ProjectConfigurationPlatforms) = postSolution
		{4C6C2405-9C71-436B-9CDC-D1A49CFF5581}.Ad-Hoc|Any CPU.ActiveCfg = Release|Any CPU
		{4C6C2405-9C71-436B-9CDC-D1A49CFF5581}.Ad-Hoc|Any CPU.Build.0 = Release|Any CPU
		{4C6C2405-9C71-436B-9CDC-D1A49CFF5581}.Ad-Hoc|Any CPU.Deploy.0 = Release|Any CPU
		{4C6C2405-9C71-436B-9CDC-D1A49CFF5581}.Ad-Hoc|iPhone.ActiveCfg = Release|Any CPU
		{4C6C2405-9C71-436B-9CDC-D1A49CFF5581}.Ad-Hoc|iPhone.Build.0 = Release|Any CPU
		{4C6C2405-9C71-436B-9CDC-D1A49CFF5581}.Ad-Hoc|iPhone.Deploy.0 = Release|Any CPU
		{4C6C2405-9C71-436B-9CDC-D1A49CFF5581}.Ad-Hoc|iPhoneSimulator.ActiveCfg = Release|Any CPU
		{4C6C2405-9C71-436B-9CDC-D1A49CFF5581}.Ad-Hoc|iPhoneSimulator.Build.0 = Release|Any CPU
		{4C6C2405-9C71-436B-9CDC-D1A49CFF5581}.Ad-Hoc|iPhoneSimulator.Deploy.0 = Release|Any CPU
		{4C6C2405-9C71-436B-9CDC-D1A49CFF5581}.AppStore|Any CPU.ActiveCfg = Release|Any CPU
		{4C6C2405-9C71-436B-9CDC-D1A49CFF5581}.AppStore|Any CPU.Build.0 = Release|Any CPU
		{4C6C2405-9C71-436B-9CDC-D1A49CFF5581}.AppStore|Any CPU.Deploy.0 = Release|Any CPU
		{4C6C2405-9C71-436B-9CDC-D1A49CFF5581}.AppStore|iPhone.ActiveCfg = Release|Any CPU
		{4C6C2405-9C71-436B-9CDC-D1A49CFF5581}.AppStore|iPhone.Build.0 = Release|Any CPU
		{4C6C2405-9C71-436B-9CDC-D1A49CFF5581}.AppStore|iPhone.Deploy.0 = Release|Any CPU
		{4C6C2405-9C71-436B-9CDC-D1A49CFF5581}.AppStore|iPhoneSimulator.ActiveCfg = Release|Any CPU
		{4C6C2405-9C71-436B-9CDC-D1A49CFF5581}.AppStore|iPhoneSimulator.Build.0 = Release|Any CPU
		{4C6C2405-9C71-436B-9CDC-D1A49CFF5581}.AppStore|iPhoneSimulator.Deploy.0 = Release|Any CPU
		{4C6C2405-9C71-436B-9CDC-D1A49CFF5581}.Debug|Any CPU.ActiveCfg = Debug|Any CPU
		{4C6C2405-9C71-436B-9CDC-D1A49CFF5581}.Debug|Any CPU.Build.0 = Debug|Any CPU
		{4C6C2405-9C71-436B-9CDC-D1A49CFF5581}.Debug|Any CPU.Deploy.0 = Debug|Any CPU
		{4C6C2405-9C71-436B-9CDC-D1A49CFF5581}.Debug|iPhone.ActiveCfg = Debug|Any CPU
		{4C6C2405-9C71-436B-9CDC-D1A49CFF5581}.Debug|iPhone.Build.0 = Debug|Any CPU
		{4C6C2405-9C71-436B-9CDC-D1A49CFF5581}.Debug|iPhone.Deploy.0 = Debug|Any CPU
		{4C6C2405-9C71-436B-9CDC-D1A49CFF5581}.Debug|iPhoneSimulator.ActiveCfg = Debug|Any CPU
		{4C6C2405-9C71-436B-9CDC-D1A49CFF5581}.Debug|iPhoneSimulator.Build.0 = Debug|Any CPU
		{4C6C2405-9C71-436B-9CDC-D1A49CFF5581}.Debug|iPhoneSimulator.Deploy.0 = Debug|Any CPU
		{4C6C2405-9C71-436B-9CDC-D1A49CFF5581}.Release|Any CPU.ActiveCfg = Release|Any CPU
		{4C6C2405-9C71-436B-9CDC-D1A49CFF5581}.Release|Any CPU.Build.0 = Release|Any CPU
		{4C6C2405-9C71-436B-9CDC-D1A49CFF5581}.Release|Any CPU.Deploy.0 = Release|Any CPU
		{4C6C2405-9C71-436B-9CDC-D1A49CFF5581}.Release|iPhone.ActiveCfg = Release|Any CPU
		{4C6C2405-9C71-436B-9CDC-D1A49CFF5581}.Release|iPhone.Build.0 = Release|Any CPU
		{4C6C2405-9C71-436B-9CDC-D1A49CFF5581}.Release|iPhone.Deploy.0 = Release|Any CPU
		{4C6C2405-9C71-436B-9CDC-D1A49CFF5581}.Release|iPhoneSimulator.ActiveCfg = Release|Any CPU
		{4C6C2405-9C71-436B-9CDC-D1A49CFF5581}.Release|iPhoneSimulator.Build.0 = Release|Any CPU
		{4C6C2405-9C71-436B-9CDC-D1A49CFF5581}.Release|iPhoneSimulator.Deploy.0 = Release|Any CPU
		{AF19505B-7C24-4FCB-A144-AA9DD49FC966}.Ad-Hoc|Any CPU.ActiveCfg = Ad-Hoc|iPhone
		{AF19505B-7C24-4FCB-A144-AA9DD49FC966}.Ad-Hoc|Any CPU.Build.0 = Ad-Hoc|iPhone
		{AF19505B-7C24-4FCB-A144-AA9DD49FC966}.Ad-Hoc|Any CPU.Deploy.0 = Ad-Hoc|iPhone
		{AF19505B-7C24-4FCB-A144-AA9DD49FC966}.Ad-Hoc|iPhone.ActiveCfg = Ad-Hoc|iPhone
		{AF19505B-7C24-4FCB-A144-AA9DD49FC966}.Ad-Hoc|iPhone.Build.0 = Ad-Hoc|iPhone
		{AF19505B-7C24-4FCB-A144-AA9DD49FC966}.Ad-Hoc|iPhone.Deploy.0 = Ad-Hoc|iPhone
		{AF19505B-7C24-4FCB-A144-AA9DD49FC966}.Ad-Hoc|iPhoneSimulator.ActiveCfg = Ad-Hoc|iPhoneSimulator
		{AF19505B-7C24-4FCB-A144-AA9DD49FC966}.Ad-Hoc|iPhoneSimulator.Build.0 = Ad-Hoc|iPhoneSimulator
		{AF19505B-7C24-4FCB-A144-AA9DD49FC966}.Ad-Hoc|iPhoneSimulator.Deploy.0 = Ad-Hoc|iPhoneSimulator
		{AF19505B-7C24-4FCB-A144-AA9DD49FC966}.AppStore|Any CPU.ActiveCfg = AppStore|iPhone
		{AF19505B-7C24-4FCB-A144-AA9DD49FC966}.AppStore|Any CPU.Build.0 = AppStore|iPhone
		{AF19505B-7C24-4FCB-A144-AA9DD49FC966}.AppStore|Any CPU.Deploy.0 = AppStore|iPhone
		{AF19505B-7C24-4FCB-A144-AA9DD49FC966}.AppStore|iPhone.ActiveCfg = AppStore|iPhone
		{AF19505B-7C24-4FCB-A144-AA9DD49FC966}.AppStore|iPhone.Build.0 = AppStore|iPhone
		{AF19505B-7C24-4FCB-A144-AA9DD49FC966}.AppStore|iPhone.Deploy.0 = AppStore|iPhone
		{AF19505B-7C24-4FCB-A144-AA9DD49FC966}.AppStore|iPhoneSimulator.ActiveCfg = AppStore|iPhoneSimulator
		{AF19505B-7C24-4FCB-A144-AA9DD49FC966}.AppStore|iPhoneSimulator.Build.0 = AppStore|iPhoneSimulator
		{AF19505B-7C24-4FCB-A144-AA9DD49FC966}.AppStore|iPhoneSimulator.Deploy.0 = AppStore|iPhoneSimulator
		{AF19505B-7C24-4FCB-A144-AA9DD49FC966}.Debug|Any CPU.ActiveCfg = Debug|iPhoneSimulator
		{AF19505B-7C24-4FCB-A144-AA9DD49FC966}.Debug|Any CPU.Build.0 = Debug|iPhoneSimulator
		{AF19505B-7C24-4FCB-A144-AA9DD49FC966}.Debug|Any CPU.Deploy.0 = Debug|iPhoneSimulator
		{AF19505B-7C24-4FCB-A144-AA9DD49FC966}.Debug|iPhone.ActiveCfg = Debug|iPhone
		{AF19505B-7C24-4FCB-A144-AA9DD49FC966}.Debug|iPhone.Build.0 = Debug|iPhone
		{AF19505B-7C24-4FCB-A144-AA9DD49FC966}.Debug|iPhone.Deploy.0 = Debug|iPhone
		{AF19505B-7C24-4FCB-A144-AA9DD49FC966}.Debug|iPhoneSimulator.ActiveCfg = Debug|iPhoneSimulator
		{AF19505B-7C24-4FCB-A144-AA9DD49FC966}.Debug|iPhoneSimulator.Build.0 = Debug|iPhoneSimulator
		{AF19505B-7C24-4FCB-A144-AA9DD49FC966}.Debug|iPhoneSimulator.Deploy.0 = Debug|iPhoneSimulator
		{AF19505B-7C24-4FCB-A144-AA9DD49FC966}.Release|Any CPU.ActiveCfg = Release|iPhone
		{AF19505B-7C24-4FCB-A144-AA9DD49FC966}.Release|Any CPU.Build.0 = Release|iPhone
		{AF19505B-7C24-4FCB-A144-AA9DD49FC966}.Release|Any CPU.Deploy.0 = Release|iPhone
		{AF19505B-7C24-4FCB-A144-AA9DD49FC966}.Release|iPhone.ActiveCfg = Release|iPhone
		{AF19505B-7C24-4FCB-A144-AA9DD49FC966}.Release|iPhone.Build.0 = Release|iPhone
		{AF19505B-7C24-4FCB-A144-AA9DD49FC966}.Release|iPhone.Deploy.0 = Release|iPhone
		{AF19505B-7C24-4FCB-A144-AA9DD49FC966}.Release|iPhoneSimulator.ActiveCfg = Release|iPhoneSimulator
		{AF19505B-7C24-4FCB-A144-AA9DD49FC966}.Release|iPhoneSimulator.Build.0 = Release|iPhoneSimulator
		{AF19505B-7C24-4FCB-A144-AA9DD49FC966}.Release|iPhoneSimulator.Deploy.0 = Release|iPhoneSimulator
		{64F9C4E4-2AE0-42C8-B8FF-D6A79A44CEDB}.Ad-Hoc|Any CPU.ActiveCfg = Debug|Any CPU
		{64F9C4E4-2AE0-42C8-B8FF-D6A79A44CEDB}.Ad-Hoc|Any CPU.Build.0 = Debug|Any CPU
		{64F9C4E4-2AE0-42C8-B8FF-D6A79A44CEDB}.Ad-Hoc|Any CPU.Deploy.0 = Debug|Any CPU
		{64F9C4E4-2AE0-42C8-B8FF-D6A79A44CEDB}.Ad-Hoc|iPhone.ActiveCfg = Debug|Any CPU
		{64F9C4E4-2AE0-42C8-B8FF-D6A79A44CEDB}.Ad-Hoc|iPhone.Build.0 = Debug|Any CPU
		{64F9C4E4-2AE0-42C8-B8FF-D6A79A44CEDB}.Ad-Hoc|iPhone.Deploy.0 = Debug|Any CPU
		{64F9C4E4-2AE0-42C8-B8FF-D6A79A44CEDB}.Ad-Hoc|iPhoneSimulator.ActiveCfg = Debug|Any CPU
		{64F9C4E4-2AE0-42C8-B8FF-D6A79A44CEDB}.Ad-Hoc|iPhoneSimulator.Build.0 = Debug|Any CPU
		{64F9C4E4-2AE0-42C8-B8FF-D6A79A44CEDB}.Ad-Hoc|iPhoneSimulator.Deploy.0 = Debug|Any CPU
		{64F9C4E4-2AE0-42C8-B8FF-D6A79A44CEDB}.AppStore|Any CPU.ActiveCfg = Debug|Any CPU
		{64F9C4E4-2AE0-42C8-B8FF-D6A79A44CEDB}.AppStore|Any CPU.Build.0 = Debug|Any CPU
		{64F9C4E4-2AE0-42C8-B8FF-D6A79A44CEDB}.AppStore|Any CPU.Deploy.0 = Debug|Any CPU
		{64F9C4E4-2AE0-42C8-B8FF-D6A79A44CEDB}.AppStore|iPhone.ActiveCfg = Debug|Any CPU
		{64F9C4E4-2AE0-42C8-B8FF-D6A79A44CEDB}.AppStore|iPhone.Build.0 = Debug|Any CPU
		{64F9C4E4-2AE0-42C8-B8FF-D6A79A44CEDB}.AppStore|iPhone.Deploy.0 = Debug|Any CPU
		{64F9C4E4-2AE0-42C8-B8FF-D6A79A44CEDB}.AppStore|iPhoneSimulator.ActiveCfg = Debug|Any CPU
		{64F9C4E4-2AE0-42C8-B8FF-D6A79A44CEDB}.AppStore|iPhoneSimulator.Build.0 = Debug|Any CPU
		{64F9C4E4-2AE0-42C8-B8FF-D6A79A44CEDB}.AppStore|iPhoneSimulator.Deploy.0 = Debug|Any CPU
		{64F9C4E4-2AE0-42C8-B8FF-D6A79A44CEDB}.Debug|Any CPU.ActiveCfg = Debug|Any CPU
		{64F9C4E4-2AE0-42C8-B8FF-D6A79A44CEDB}.Debug|Any CPU.Build.0 = Debug|Any CPU
		{64F9C4E4-2AE0-42C8-B8FF-D6A79A44CEDB}.Debug|Any CPU.Deploy.0 = Debug|Any CPU
		{64F9C4E4-2AE0-42C8-B8FF-D6A79A44CEDB}.Debug|iPhone.ActiveCfg = Debug|Any CPU
		{64F9C4E4-2AE0-42C8-B8FF-D6A79A44CEDB}.Debug|iPhone.Build.0 = Debug|Any CPU
		{64F9C4E4-2AE0-42C8-B8FF-D6A79A44CEDB}.Debug|iPhone.Deploy.0 = Debug|Any CPU
		{64F9C4E4-2AE0-42C8-B8FF-D6A79A44CEDB}.Debug|iPhoneSimulator.ActiveCfg = Debug|Any CPU
		{64F9C4E4-2AE0-42C8-B8FF-D6A79A44CEDB}.Debug|iPhoneSimulator.Build.0 = Debug|Any CPU
		{64F9C4E4-2AE0-42C8-B8FF-D6A79A44CEDB}.Debug|iPhoneSimulator.Deploy.0 = Debug|Any CPU
		{64F9C4E4-2AE0-42C8-B8FF-D6A79A44CEDB}.Release|Any CPU.ActiveCfg = Release|Any CPU
		{64F9C4E4-2AE0-42C8-B8FF-D6A79A44CEDB}.Release|Any CPU.Build.0 = Release|Any CPU
		{64F9C4E4-2AE0-42C8-B8FF-D6A79A44CEDB}.Release|Any CPU.Deploy.0 = Release|Any CPU
		{64F9C4E4-2AE0-42C8-B8FF-D6A79A44CEDB}.Release|iPhone.ActiveCfg = Release|Any CPU
		{64F9C4E4-2AE0-42C8-B8FF-D6A79A44CEDB}.Release|iPhone.Build.0 = Release|Any CPU
		{64F9C4E4-2AE0-42C8-B8FF-D6A79A44CEDB}.Release|iPhone.Deploy.0 = Release|Any CPU
		{64F9C4E4-2AE0-42C8-B8FF-D6A79A44CEDB}.Release|iPhoneSimulator.ActiveCfg = Release|Any CPU
		{64F9C4E4-2AE0-42C8-B8FF-D6A79A44CEDB}.Release|iPhoneSimulator.Build.0 = Release|Any CPU
		{64F9C4E4-2AE0-42C8-B8FF-D6A79A44CEDB}.Release|iPhoneSimulator.Deploy.0 = Release|Any CPU
	EndGlobalSection
	GlobalSection(SolutionProperties) = preSolution
		HideSolutionNode = FALSE
	EndGlobalSection
	GlobalSection(ExtensibilityGlobals) = postSolution
		SolutionGuid = {DA693FFB-6D4A-4AF2-951C-4A092FBFF280}
	EndGlobalSection
EndGlobal
